
Microsoft Visual Studio Solution File, Format Version 12.00
# Visual Studio Version 16
VisualStudioVersion = 16.0.29306.81
MinimumVisualStudioVersion = 10.0.40219.1
Project("{8BC9CEB8-8B4A-11D0-8D11-00A0C91BC942}") = "SoundCardDLL", "SoundCardDLL\SoundCardDLL.vcxproj", "{3FE3BD5A-3A00-4A31-A7AC-2DD3F8EE6B46}"
EndProject
Project("{FAE04EC0-301F-11D3-BF4B-00C04F79EFBC}") = "AudioDemo_Intercom1", "AudioDemo_Intercom1\AudioDemo_Intercom1.csproj", "{3F8CF672-74ED-4B80-A422-765D22ACD725}"
EndProject
Project("{FAE04EC0-301F-11D3-BF4B-00C04F79EFBC}") = "AudioDemo_SDCard", "AudioDemo_SDCard\AudioDemo_SDCard.csproj", "{F6AEAD39-35C1-46EE-93D6-2430DC31A712}"
EndProject
Project("{8BC9CEB8-8B4A-11D0-8D11-00A0C91BC942}") = "DeviceInterfaceDLL", "DeviceInterfaceDLL\DeviceInterfaceDLL.vcxproj", "{74DD8B23-1452-4BEE-A139-E27DF33796AF}"
EndProject
Project("{FAE04EC0-301F-11D3-BF4B-00C04F79EFBC}") = "AudioDemo_Play", "AudioDemo_Play\AudioDemo_Play.csproj", "{69CDCD46-053A-48C9-B3FA-1F2B168DC3F4}"
EndProject
Project("{FAE04EC0-301F-11D3-BF4B-00C04F79EFBC}") = "test", "test\test.csproj", "{7BAB6E2A-1C6F-44F6-BE43-0688494254A0}"
EndProject
Project("{FAE04EC0-301F-11D3-BF4B-00C04F79EFBC}") = "AudioDemo_Play_DLL", "AudioDemo_Play_DLL\AudioDemo_Play_DLL.csproj", "{192084DE-4189-4BDB-AF5B-45B58F06E9E4}"
EndProject
Project("{FAE04EC0-301F-11D3-BF4B-00C04F79EFBC}") = "AudioDemo_Intercom_DLL", "AudioDemo_Intercom_DLL\AudioDemo_Intercom_DLL.csproj", "{3CFA6419-9EB1-4180-9BDF-A9D5F81F515B}"
EndProject
Project("{FAE04EC0-301F-11D3-BF4B-00C04F79EFBC}") = "AudioDemo_SDCard_DLL", "AudioDemo_SDCard_DLL\AudioDemo_SDCard_DLL.csproj", "{9620F6D0-B305-4F72-A6AD-08677B9290B3}"
EndProject
Project("{8BC9CEB8-8B4A-11D0-8D11-00A0C91BC942}") = "g711", "g711\g711.vcxproj", "{E5A1E1F4-8820-4BFD-B0EA-C5F032B49EF9}"
EndProject
Global
	GlobalSection(SolutionConfigurationPlatforms) = preSolution
		Debug|Any CPU = Debug|Any CPU
		Debug|x64 = Debug|x64
		Debug|x86 = Debug|x86
		release_xp|Any CPU = release_xp|Any CPU
		release_xp|x64 = release_xp|x64
		release_xp|x86 = release_xp|x86
		Release|Any CPU = Release|Any CPU
		Release|x64 = Release|x64
		Release|x86 = Release|x86
	EndGlobalSection
	GlobalSection(ProjectConfigurationPlatforms) = postSolution
		{3FE3BD5A-3A00-4A31-A7AC-2DD3F8EE6B46}.Debug|Any CPU.ActiveCfg = Debug|Win32
		{3FE3BD5A-3A00-4A31-A7AC-2DD3F8EE6B46}.Debug|Any CPU.Build.0 = Debug|Win32
		{3FE3BD5A-3A00-4A31-A7AC-2DD3F8EE6B46}.Debug|x64.ActiveCfg = Debug|x64
		{3FE3BD5A-3A00-4A31-A7AC-2DD3F8EE6B46}.Debug|x64.Build.0 = Debug|x64
		{3FE3BD5A-3A00-4A31-A7AC-2DD3F8EE6B46}.Debug|x86.ActiveCfg = Debug|Win32
		{3FE3BD5A-3A00-4A31-A7AC-2DD3F8EE6B46}.Debug|x86.Build.0 = Debug|Win32
		{3FE3BD5A-3A00-4A31-A7AC-2DD3F8EE6B46}.release_xp|Any CPU.ActiveCfg = Release|x64
		{3FE3BD5A-3A00-4A31-A7AC-2DD3F8EE6B46}.release_xp|Any CPU.Build.0 = Release|x64
		{3FE3BD5A-3A00-4A31-A7AC-2DD3F8EE6B46}.release_xp|x64.ActiveCfg = Release|x64
		{3FE3BD5A-3A00-4A31-A7AC-2DD3F8EE6B46}.release_xp|x64.Build.0 = Release|x64
		{3FE3BD5A-3A00-4A31-A7AC-2DD3F8EE6B46}.release_xp|x86.ActiveCfg = Release|Win32
		{3FE3BD5A-3A00-4A31-A7AC-2DD3F8EE6B46}.release_xp|x86.Build.0 = Release|Win32
		{3FE3BD5A-3A00-4A31-A7AC-2DD3F8EE6B46}.Release|Any CPU.ActiveCfg = Release|x64
		{3FE3BD5A-3A00-4A31-A7AC-2DD3F8EE6B46}.Release|x64.ActiveCfg = Release|x64
		{3FE3BD5A-3A00-4A31-A7AC-2DD3F8EE6B46}.Release|x64.Build.0 = Release|x64
		{3FE3BD5A-3A00-4A31-A7AC-2DD3F8EE6B46}.Release|x86.ActiveCfg = Release|Win32
		{3FE3BD5A-3A00-4A31-A7AC-2DD3F8EE6B46}.Release|x86.Build.0 = Release|Win32
		{3F8CF672-74ED-4B80-A422-765D22ACD725}.Debug|Any CPU.ActiveCfg = Debug|Any CPU
		{3F8CF672-74ED-4B80-A422-765D22ACD725}.Debug|Any CPU.Build.0 = Debug|Any CPU
		{3F8CF672-74ED-4B80-A422-765D22ACD725}.Debug|x64.ActiveCfg = Debug|x64
		{3F8CF672-74ED-4B80-A422-765D22ACD725}.Debug|x64.Build.0 = Debug|x64
		{3F8CF672-74ED-4B80-A422-765D22ACD725}.Debug|x86.ActiveCfg = Debug|Any CPU
		{3F8CF672-74ED-4B80-A422-765D22ACD725}.Debug|x86.Build.0 = Debug|Any CPU
		{3F8CF672-74ED-4B80-A422-765D22ACD725}.release_xp|Any CPU.ActiveCfg = Release|Any CPU
		{3F8CF672-74ED-4B80-A422-765D22ACD725}.release_xp|Any CPU.Build.0 = Release|Any CPU
		{3F8CF672-74ED-4B80-A422-765D22ACD725}.release_xp|x64.ActiveCfg = Release|Any CPU
		{3F8CF672-74ED-4B80-A422-765D22ACD725}.release_xp|x64.Build.0 = Release|Any CPU
		{3F8CF672-74ED-4B80-A422-765D22ACD725}.release_xp|x86.ActiveCfg = Release|Any CPU
		{3F8CF672-74ED-4B80-A422-765D22ACD725}.release_xp|x86.Build.0 = Release|Any CPU
		{3F8CF672-74ED-4B80-A422-765D22ACD725}.Release|Any CPU.ActiveCfg = Release|Any CPU
		{3F8CF672-74ED-4B80-A422-765D22ACD725}.Release|Any CPU.Build.0 = Release|Any CPU
		{3F8CF672-74ED-4B80-A422-765D22ACD725}.Release|x64.ActiveCfg = Release|x64
		{3F8CF672-74ED-4B80-A422-765D22ACD725}.Release|x64.Build.0 = Release|x64
		{3F8CF672-74ED-4B80-A422-765D22ACD725}.Release|x86.ActiveCfg = Release|Any CPU
		{3F8CF672-74ED-4B80-A422-765D22ACD725}.Release|x86.Build.0 = Release|Any CPU
		{F6AEAD39-35C1-46EE-93D6-2430DC31A712}.Debug|Any CPU.ActiveCfg = Debug|Any CPU
		{F6AEAD39-35C1-46EE-93D6-2430DC31A712}.Debug|Any CPU.Build.0 = Debug|Any CPU
		{F6AEAD39-35C1-46EE-93D6-2430DC31A712}.Debug|x64.ActiveCfg = Debug|x64
		{F6AEAD39-35C1-46EE-93D6-2430DC31A712}.Debug|x64.Build.0 = Debug|x64
		{F6AEAD39-35C1-46EE-93D6-2430DC31A712}.Debug|x86.ActiveCfg = Debug|Any CPU
		{F6AEAD39-35C1-46EE-93D6-2430DC31A712}.Debug|x86.Build.0 = Debug|Any CPU
		{F6AEAD39-35C1-46EE-93D6-2430DC31A712}.release_xp|Any CPU.ActiveCfg = Release|Any CPU
		{F6AEAD39-35C1-46EE-93D6-2430DC31A712}.release_xp|Any CPU.Build.0 = Release|Any CPU
		{F6AEAD39-35C1-46EE-93D6-2430DC31A712}.release_xp|x64.ActiveCfg = Release|Any CPU
		{F6AEAD39-35C1-46EE-93D6-2430DC31A712}.release_xp|x64.Build.0 = Release|Any CPU
		{F6AEAD39-35C1-46EE-93D6-2430DC31A712}.release_xp|x86.ActiveCfg = Release|Any CPU
		{F6AEAD39-35C1-46EE-93D6-2430DC31A712}.release_xp|x86.Build.0 = Release|Any CPU
		{F6AEAD39-35C1-46EE-93D6-2430DC31A712}.Release|Any CPU.ActiveCfg = Release|Any CPU
		{F6AEAD39-35C1-46EE-93D6-2430DC31A712}.Release|Any CPU.Build.0 = Release|Any CPU
		{F6AEAD39-35C1-46EE-93D6-2430DC31A712}.Release|x64.ActiveCfg = Release|x64
		{F6AEAD39-35C1-46EE-93D6-2430DC31A712}.Release|x64.Build.0 = Release|x64
		{F6AEAD39-35C1-46EE-93D6-2430DC31A712}.Release|x86.ActiveCfg = Release|Any CPU
		{F6AEAD39-35C1-46EE-93D6-2430DC31A712}.Release|x86.Build.0 = Release|Any CPU
		{74DD8B23-1452-4BEE-A139-E27DF33796AF}.Debug|Any CPU.ActiveCfg = Debug|Win32
		{74DD8B23-1452-4BEE-A139-E27DF33796AF}.Debug|Any CPU.Build.0 = Debug|Win32
		{74DD8B23-1452-4BEE-A139-E27DF33796AF}.Debug|x64.ActiveCfg = Debug|x64
		{74DD8B23-1452-4BEE-A139-E27DF33796AF}.Debug|x64.Build.0 = Debug|x64
		{74DD8B23-1452-4BEE-A139-E27DF33796AF}.Debug|x86.ActiveCfg = Debug|Win32
		{74DD8B23-1452-4BEE-A139-E27DF33796AF}.Debug|x86.Build.0 = Debug|Win32
		{74DD8B23-1452-4BEE-A139-E27DF33796AF}.release_xp|Any CPU.ActiveCfg = Release|x64
		{74DD8B23-1452-4BEE-A139-E27DF33796AF}.release_xp|Any CPU.Build.0 = Release|x64
		{74DD8B23-1452-4BEE-A139-E27DF33796AF}.release_xp|x64.ActiveCfg = Release|x64
		{74DD8B23-1452-4BEE-A139-E27DF33796AF}.release_xp|x64.Build.0 = Release|x64
		{74DD8B23-1452-4BEE-A139-E27DF33796AF}.release_xp|x86.ActiveCfg = Release|Win32
		{74DD8B23-1452-4BEE-A139-E27DF33796AF}.release_xp|x86.Build.0 = Release|Win32
		{74DD8B23-1452-4BEE-A139-E27DF33796AF}.Release|Any CPU.ActiveCfg = Release|x64
		{74DD8B23-1452-4BEE-A139-E27DF33796AF}.Release|x64.ActiveCfg = Release|x64
		{74DD8B23-1452-4BEE-A139-E27DF33796AF}.Release|x64.Build.0 = Release|x64
		{74DD8B23-1452-4BEE-A139-E27DF33796AF}.Release|x86.ActiveCfg = Release|Win32
		{74DD8B23-1452-4BEE-A139-E27DF33796AF}.Release|x86.Build.0 = Release|Win32
		{69CDCD46-053A-48C9-B3FA-1F2B168DC3F4}.Debug|Any CPU.ActiveCfg = Debug|Any CPU
		{69CDCD46-053A-48C9-B3FA-1F2B168DC3F4}.Debug|Any CPU.Build.0 = Debug|Any CPU
		{69CDCD46-053A-48C9-B3FA-1F2B168DC3F4}.Debug|x64.ActiveCfg = Debug|x64
		{69CDCD46-053A-48C9-B3FA-1F2B168DC3F4}.Debug|x64.Build.0 = Debug|x64
		{69CDCD46-053A-48C9-B3FA-1F2B168DC3F4}.Debug|x86.ActiveCfg = Debug|Any CPU
		{69CDCD46-053A-48C9-B3FA-1F2B168DC3F4}.Debug|x86.Build.0 = Debug|Any CPU
		{69CDCD46-053A-48C9-B3FA-1F2B168DC3F4}.release_xp|Any CPU.ActiveCfg = Release|Any CPU
		{69CDCD46-053A-48C9-B3FA-1F2B168DC3F4}.release_xp|Any CPU.Build.0 = Release|Any CPU
		{69CDCD46-053A-48C9-B3FA-1F2B168DC3F4}.release_xp|x64.ActiveCfg = Release|Any CPU
		{69CDCD46-053A-48C9-B3FA-1F2B168DC3F4}.release_xp|x64.Build.0 = Release|Any CPU
		{69CDCD46-053A-48C9-B3FA-1F2B168DC3F4}.release_xp|x86.ActiveCfg = Release|Any CPU
		{69CDCD46-053A-48C9-B3FA-1F2B168DC3F4}.release_xp|x86.Build.0 = Release|Any CPU
		{69CDCD46-053A-48C9-B3FA-1F2B168DC3F4}.Release|Any CPU.ActiveCfg = Release|Any CPU
		{69CDCD46-053A-48C9-B3FA-1F2B168DC3F4}.Release|Any CPU.Build.0 = Release|Any CPU
		{69CDCD46-053A-48C9-B3FA-1F2B168DC3F4}.Release|x64.ActiveCfg = Release|x64
		{69CDCD46-053A-48C9-B3FA-1F2B168DC3F4}.Release|x64.Build.0 = Release|x64
		{69CDCD46-053A-48C9-B3FA-1F2B168DC3F4}.Release|x86.ActiveCfg = Release|Any CPU
		{69CDCD46-053A-48C9-B3FA-1F2B168DC3F4}.Release|x86.Build.0 = Release|Any CPU
		{7BAB6E2A-1C6F-44F6-BE43-0688494254A0}.Debug|Any CPU.ActiveCfg = Debug|Any CPU
		{7BAB6E2A-1C6F-44F6-BE43-0688494254A0}.Debug|Any CPU.Build.0 = Debug|Any CPU
		{7BAB6E2A-1C6F-44F6-BE43-0688494254A0}.Debug|x64.ActiveCfg = Debug|x64
		{7BAB6E2A-1C6F-44F6-BE43-0688494254A0}.Debug|x64.Build.0 = Debug|x64
		{7BAB6E2A-1C6F-44F6-BE43-0688494254A0}.Debug|x86.ActiveCfg = Debug|Any CPU
		{7BAB6E2A-1C6F-44F6-BE43-0688494254A0}.Debug|x86.Build.0 = Debug|Any CPU
		{7BAB6E2A-1C6F-44F6-BE43-0688494254A0}.release_xp|Any CPU.ActiveCfg = release_xp|Any CPU
		{7BAB6E2A-1C6F-44F6-BE43-0688494254A0}.release_xp|Any CPU.Build.0 = release_xp|Any CPU
		{7BAB6E2A-1C6F-44F6-BE43-0688494254A0}.release_xp|x64.ActiveCfg = release_xp|Any CPU
		{7BAB6E2A-1C6F-44F6-BE43-0688494254A0}.release_xp|x64.Build.0 = release_xp|Any CPU
		{7BAB6E2A-1C6F-44F6-BE43-0688494254A0}.release_xp|x86.ActiveCfg = release_xp|Any CPU
		{7BAB6E2A-1C6F-44F6-BE43-0688494254A0}.release_xp|x86.Build.0 = release_xp|Any CPU
		{7BAB6E2A-1C6F-44F6-BE43-0688494254A0}.Release|Any CPU.ActiveCfg = Release|Any CPU
		{7BAB6E2A-1C6F-44F6-BE43-0688494254A0}.Release|Any CPU.Build.0 = Release|Any CPU
		{7BAB6E2A-1C6F-44F6-BE43-0688494254A0}.Release|x64.ActiveCfg = Release|x64
		{7BAB6E2A-1C6F-44F6-BE43-0688494254A0}.Release|x64.Build.0 = Release|x64
		{7BAB6E2A-1C6F-44F6-BE43-0688494254A0}.Release|x86.ActiveCfg = Release|Any CPU
		{7BAB6E2A-1C6F-44F6-BE43-0688494254A0}.Release|x86.Build.0 = Release|Any CPU
		{192084DE-4189-4BDB-AF5B-45B58F06E9E4}.Debug|Any CPU.ActiveCfg = Debug|Any CPU
		{192084DE-4189-4BDB-AF5B-45B58F06E9E4}.Debug|Any CPU.Build.0 = Debug|Any CPU
		{192084DE-4189-4BDB-AF5B-45B58F06E9E4}.Debug|x64.ActiveCfg = Debug|x64
		{192084DE-4189-4BDB-AF5B-45B58F06E9E4}.Debug|x64.Build.0 = Debug|x64
		{192084DE-4189-4BDB-AF5B-45B58F06E9E4}.Debug|x86.ActiveCfg = Debug|Any CPU
		{192084DE-4189-4BDB-AF5B-45B58F06E9E4}.Debug|x86.Build.0 = Debug|Any CPU
		{192084DE-4189-4BDB-AF5B-45B58F06E9E4}.release_xp|Any CPU.ActiveCfg = Release|Any CPU
		{192084DE-4189-4BDB-AF5B-45B58F06E9E4}.release_xp|Any CPU.Build.0 = Release|Any CPU
		{192084DE-4189-4BDB-AF5B-45B58F06E9E4}.release_xp|x64.ActiveCfg = Release|Any CPU
		{192084DE-4189-4BDB-AF5B-45B58F06E9E4}.release_xp|x64.Build.0 = Release|Any CPU
		{192084DE-4189-4BDB-AF5B-45B58F06E9E4}.release_xp|x86.ActiveCfg = Release|Any CPU
		{192084DE-4189-4BDB-AF5B-45B58F06E9E4}.release_xp|x86.Build.0 = Release|Any CPU
		{192084DE-4189-4BDB-AF5B-45B58F06E9E4}.Release|Any CPU.ActiveCfg = Release|Any CPU
		{192084DE-4189-4BDB-AF5B-45B58F06E9E4}.Release|Any CPU.Build.0 = Release|Any CPU
		{192084DE-4189-4BDB-AF5B-45B58F06E9E4}.Release|x64.ActiveCfg = Release|x64
		{192084DE-4189-4BDB-AF5B-45B58F06E9E4}.Release|x64.Build.0 = Release|x64
		{192084DE-4189-4BDB-AF5B-45B58F06E9E4}.Release|x86.ActiveCfg = Release|Any CPU
		{192084DE-4189-4BDB-AF5B-45B58F06E9E4}.Release|x86.Build.0 = Release|Any CPU
		{3CFA6419-9EB1-4180-9BDF-A9D5F81F515B}.Debug|Any CPU.ActiveCfg = Debug|Any CPU
		{3CFA6419-9EB1-4180-9BDF-A9D5F81F515B}.Debug|Any CPU.Build.0 = Debug|Any CPU
		{3CFA6419-9EB1-4180-9BDF-A9D5F81F515B}.Debug|x64.ActiveCfg = Debug|x64
		{3CFA6419-9EB1-4180-9BDF-A9D5F81F515B}.Debug|x64.Build.0 = Debug|x64
		{3CFA6419-9EB1-4180-9BDF-A9D5F81F515B}.Debug|x86.ActiveCfg = Debug|Any CPU
		{3CFA6419-9EB1-4180-9BDF-A9D5F81F515B}.Debug|x86.Build.0 = Debug|Any CPU
		{3CFA6419-9EB1-4180-9BDF-A9D5F81F515B}.release_xp|Any CPU.ActiveCfg = Release|Any CPU
		{3CFA6419-9EB1-4180-9BDF-A9D5F81F515B}.release_xp|Any CPU.Build.0 = Release|Any CPU
		{3CFA6419-9EB1-4180-9BDF-A9D5F81F515B}.release_xp|x64.ActiveCfg = Release|Any CPU
		{3CFA6419-9EB1-4180-9BDF-A9D5F81F515B}.release_xp|x64.Build.0 = Release|Any CPU
		{3CFA6419-9EB1-4180-9BDF-A9D5F81F515B}.release_xp|x86.ActiveCfg = Release|Any CPU
		{3CFA6419-9EB1-4180-9BDF-A9D5F81F515B}.release_xp|x86.Build.0 = Release|Any CPU
		{3CFA6419-9EB1-4180-9BDF-A9D5F81F515B}.Release|Any CPU.ActiveCfg = Release|Any CPU
		{3CFA6419-9EB1-4180-9BDF-A9D5F81F515B}.Release|Any CPU.Build.0 = Release|Any CPU
		{3CFA6419-9EB1-4180-9BDF-A9D5F81F515B}.Release|x64.ActiveCfg = Release|x64
		{3CFA6419-9EB1-4180-9BDF-A9D5F81F515B}.Release|x64.Build.0 = Release|x64
		{3CFA6419-9EB1-4180-9BDF-A9D5F81F515B}.Release|x86.ActiveCfg = Release|Any CPU
		{3CFA6419-9EB1-4180-9BDF-A9D5F81F515B}.Release|x86.Build.0 = Release|Any CPU
		{9620F6D0-B305-4F72-A6AD-08677B9290B3}.Debug|Any CPU.ActiveCfg = Debug|Any CPU
		{9620F6D0-B305-4F72-A6AD-08677B9290B3}.Debug|Any CPU.Build.0 = Debug|Any CPU
		{9620F6D0-B305-4F72-A6AD-08677B9290B3}.Debug|x64.ActiveCfg = Debug|x64
		{9620F6D0-B305-4F72-A6AD-08677B9290B3}.Debug|x64.Build.0 = Debug|x64
		{9620F6D0-B305-4F72-A6AD-08677B9290B3}.Debug|x86.ActiveCfg = Debug|Any CPU
		{9620F6D0-B305-4F72-A6AD-08677B9290B3}.Debug|x86.Build.0 = Debug|Any CPU
		{9620F6D0-B305-4F72-A6AD-08677B9290B3}.release_xp|Any CPU.ActiveCfg = Release|Any CPU
		{9620F6D0-B305-4F72-A6AD-08677B9290B3}.release_xp|Any CPU.Build.0 = Release|Any CPU
		{9620F6D0-B305-4F72-A6AD-08677B9290B3}.release_xp|x64.ActiveCfg = Release|Any CPU
		{9620F6D0-B305-4F72-A6AD-08677B9290B3}.release_xp|x64.Build.0 = Release|Any CPU
		{9620F6D0-B305-4F72-A6AD-08677B9290B3}.release_xp|x86.ActiveCfg = Release|Any CPU
		{9620F6D0-B305-4F72-A6AD-08677B9290B3}.release_xp|x86.Build.0 = Release|Any CPU
		{9620F6D0-B305-4F72-A6AD-08677B9290B3}.Release|Any CPU.ActiveCfg = Release|Any CPU
		{9620F6D0-B305-4F72-A6AD-08677B9290B3}.Release|Any CPU.Build.0 = Release|Any CPU
		{9620F6D0-B305-4F72-A6AD-08677B9290B3}.Release|x64.ActiveCfg = Release|x64
		{9620F6D0-B305-4F72-A6AD-08677B9290B3}.Release|x64.Build.0 = Release|x64
		{9620F6D0-B305-4F72-A6AD-08677B9290B3}.Release|x86.ActiveCfg = Release|Any CPU
		{9620F6D0-B305-4F72-A6AD-08677B9290B3}.Release|x86.Build.0 = Release|Any CPU
		{E5A1E1F4-8820-4BFD-B0EA-C5F032B49EF9}.Debug|Any CPU.ActiveCfg = Debug|Win32
		{E5A1E1F4-8820-4BFD-B0EA-C5F032B49EF9}.Debug|Any CPU.Build.0 = Debug|Win32
		{E5A1E1F4-8820-4BFD-B0EA-C5F032B49EF9}.Debug|x64.ActiveCfg = Debug|x64
		{E5A1E1F4-8820-4BFD-B0EA-C5F032B49EF9}.Debug|x64.Build.0 = Debug|x64
		{E5A1E1F4-8820-4BFD-B0EA-C5F032B49EF9}.Debug|x86.ActiveCfg = Debug|Win32
		{E5A1E1F4-8820-4BFD-B0EA-C5F032B49EF9}.Debug|x86.Build.0 = Debug|Win32
		{E5A1E1F4-8820-4BFD-B0EA-C5F032B49EF9}.release_xp|Any CPU.ActiveCfg = Release|x64
		{E5A1E1F4-8820-4BFD-B0EA-C5F032B49EF9}.release_xp|Any CPU.Build.0 = Release|x64
		{E5A1E1F4-8820-4BFD-B0EA-C5F032B49EF9}.release_xp|x64.ActiveCfg = Release|x64
		{E5A1E1F4-8820-4BFD-B0EA-C5F032B49EF9}.release_xp|x64.Build.0 = Release|x64
		{E5A1E1F4-8820-4BFD-B0EA-C5F032B49EF9}.release_xp|x86.ActiveCfg = Release|Win32
		{E5A1E1F4-8820-4BFD-B0EA-C5F032B49EF9}.release_xp|x86.Build.0 = Release|Win32
		{E5A1E1F4-8820-4BFD-B0EA-C5F032B49EF9}.Release|Any CPU.ActiveCfg = Release|Win32
		{E5A1E1F4-8820-4BFD-B0EA-C5F032B49EF9}.Release|x64.ActiveCfg = Release|x64
		{E5A1E1F4-8820-4BFD-B0EA-C5F032B49EF9}.Release|x64.Build.0 = Release|x64
		{E5A1E1F4-8820-4BFD-B0EA-C5F032B49EF9}.Release|x86.ActiveCfg = Release|Win32
		{E5A1E1F4-8820-4BFD-B0EA-C5F032B49EF9}.Release|x86.Build.0 = Release|Win32
	EndGlobalSection
	GlobalSection(SolutionProperties) = preSolution
		HideSolutionNode = FALSE
	EndGlobalSection
	GlobalSection(ExtensibilityGlobals) = postSolution
		SolutionGuid = {A906BDD1-2E13-4814-815E-6EF4FD802B58}
	EndGlobalSection
EndGlobal
